
Microsoft Visual Studio Solution File, Format Version 12.00
# Visual Studio 15
VisualStudioVersion = 15.0.28010.2003
MinimumVisualStudioVersion = 10.0.40219.1
Project("{E24C65DC-7377-472B-9ABA-BC803B73C61A}") = "VisualStudioGitHubConnection1", "VisualStudioGitHubConnection1\", "{4DA9A8A7-8717-4FF1-9260-83F8AD723587}"
	ProjectSection(WebsiteProperties) = preProject
		TargetFrameworkMoniker = ".NETFramework,Version%3Dv4.6.1"
		Debug.AspNetCompiler.VirtualPath = "/localhost_58277"
		Debug.AspNetCompiler.PhysicalPath = "VisualStudioGitHubConnection1\"
		Debug.AspNetCompiler.TargetPath = "PrecompiledWeb\localhost_58277\"
		Debug.AspNetCompiler.Updateable = "true"
		Debug.AspNetCompiler.ForceOverwrite = "true"
		Debug.AspNetCompiler.FixedNames = "false"
		Debug.AspNetCompiler.Debug = "True"
		Release.AspNetCompiler.VirtualPath = "/localhost_58277"
		Release.AspNetCompiler.PhysicalPath = "VisualStudioGitHubConnection1\"
		Release.AspNetCompiler.TargetPath = "PrecompiledWeb\localhost_58277\"
		Release.AspNetCompiler.Updateable = "true"
		Release.AspNetCompiler.ForceOverwrite = "true"
		Release.AspNetCompiler.FixedNames = "false"
		Release.AspNetCompiler.Debug = "False"
		VWDPort = "58277"
		DefaultWebSiteLanguage = "Visual C#"
	EndProjectSection
EndProject
Global
	GlobalSection(SolutionConfigurationPlatforms) = preSolution
		Debug|Any CPU = Debug|Any CPU
	EndGlobalSection
	GlobalSection(ProjectConfigurationPlatforms) = postSolution
		{4DA9A8A7-8717-4FF1-9260-83F8AD723587}.Debug|Any CPU.ActiveCfg = Debug|Any CPU
		{4DA9A8A7-8717-4FF1-9260-83F8AD723587}.Debug|Any CPU.Build.0 = Debug|Any CPU
	EndGlobalSection
	GlobalSection(SolutionProperties) = preSolution
		HideSolutionNode = FALSE
	EndGlobalSection
	GlobalSection(ExtensibilityGlobals) = postSolution
		SolutionGuid = {44DF877E-E64C-4E2F-9DDB-AADF68E6ADE5}
	EndGlobalSection
EndGlobal
